
Microsoft Visual Studio Solution File, Format Version 12.00
# Visual Studio 15
VisualStudioVersion = 15.0.26730.12
MinimumVisualStudioVersion = 10.0.40219.1
Project("{2150E333-8FDC-42A3-9474-1A3956D46DE8}") = "1 Front", "1 Front", "{FD80E892-C5B4-4AC4-9704-DA28EBC0E782}"
EndProject
Project("{2150E333-8FDC-42A3-9474-1A3956D46DE8}") = "2-Back", "2-Back", "{5508EA13-B1D6-46B8-BF75-7DAC2506D3B1}"
EndProject
Project("{2150E333-8FDC-42A3-9474-1A3956D46DE8}") = "1 App", "1 App", "{DF2EC4B0-B4DE-4187-80D9-042916473CAA}"
EndProject
Project("{2150E333-8FDC-42A3-9474-1A3956D46DE8}") = "2 Domain", "2 Domain", "{0E068429-73FB-406A-9B58-6BBD9C3C3F82}"
EndProject
Project("{2150E333-8FDC-42A3-9474-1A3956D46DE8}") = "3 CrossCutting", "3 CrossCutting", "{A1D3BCAE-25E8-4A8D-9A17-1DAF1DD4D979}"
EndProject
Project("{2150E333-8FDC-42A3-9474-1A3956D46DE8}") = "1 UI", "1 UI", "{1F17B004-0E1F-417D-BAE7-02E68A62438A}"
EndProject
Project("{2150E333-8FDC-42A3-9474-1A3956D46DE8}") = "2 Service", "2 Service", "{08AD0400-9B95-4F92-881A-194A386CAF7C}"
EndProject
Global
	GlobalSection(SolutionProperties) = preSolution
		HideSolutionNode = FALSE
	EndGlobalSection
	GlobalSection(NestedProjects) = preSolution
		{DF2EC4B0-B4DE-4187-80D9-042916473CAA} = {5508EA13-B1D6-46B8-BF75-7DAC2506D3B1}
		{0E068429-73FB-406A-9B58-6BBD9C3C3F82} = {5508EA13-B1D6-46B8-BF75-7DAC2506D3B1}
		{A1D3BCAE-25E8-4A8D-9A17-1DAF1DD4D979} = {5508EA13-B1D6-46B8-BF75-7DAC2506D3B1}
		{1F17B004-0E1F-417D-BAE7-02E68A62438A} = {FD80E892-C5B4-4AC4-9704-DA28EBC0E782}
		{08AD0400-9B95-4F92-881A-194A386CAF7C} = {FD80E892-C5B4-4AC4-9704-DA28EBC0E782}
	EndGlobalSection
	GlobalSection(ExtensibilityGlobals) = postSolution
		SolutionGuid = {62F05BA5-048A-4988-A26B-812C0EA5875F}
	EndGlobalSection
EndGlobal
